
Microsoft Visual Studio Solution File, Format Version 11.00
# Visual C++ Express 2010
Project("{8BC9CEB8-8B4A-11D0-8D11-00A0C91BC942}") = "practice5_1", "practice5_1\practice5_1.vcxproj", "{4384E2B8-5009-44F5-AC75-FA49758E1F40}"
EndProject
Global
	GlobalSection(SolutionConfigurationPlatforms) = preSolution
		Debug|Win32 = Debug|Win32
		Release|Win32 = Release|Win32
	EndGlobalSection
	GlobalSection(ProjectConfigurationPlatforms) = postSolution
		{4384E2B8-5009-44F5-AC75-FA49758E1F40}.Debug|Win32.ActiveCfg = Debug|Win32
		{4384E2B8-5009-44F5-AC75-FA49758E1F40}.Debug|Win32.Build.0 = Debug|Win32
		{4384E2B8-5009-44F5-AC75-FA49758E1F40}.Release|Win32.ActiveCfg = Release|Win32
		{4384E2B8-5009-44F5-AC75-FA49758E1F40}.Release|Win32.Build.0 = Release|Win32
	EndGlobalSection
	GlobalSection(SolutionProperties) = preSolution
		HideSolutionNode = FALSE
	EndGlobalSection
EndGlobal
